// !$*UTF8*$!
{
	archiveVersion = 1;
	classes = {
	};
	objectVersion = 46;
	objects = {

/* Begin PBXBuildFile section */
		894FF93C1BE573D000B30E06 /* AppDelegate.swift in Sources */ = {isa = PBXBuildFile; fileRef = 894FF93B1BE573D000B30E06 /* AppDelegate.swift */; };
		894FF93E1BE573D000B30E06 /* ViewController.swift in Sources */ = {isa = PBXBuildFile; fileRef = 894FF93D1BE573D000B30E06 /* ViewController.swift */; };
		894FF9411BE573D000B30E06 /* Main.storyboard in Resources */ = {isa = PBXBuildFile; fileRef = 894FF93F1BE573D000B30E06 /* Main.storyboard */; };
		894FF9431BE573D000B30E06 /* Assets.xcassets in Resources */ = {isa = PBXBuildFile; fileRef = 894FF9421BE573D000B30E06 /* Assets.xcassets */; };
		894FF9461BE573D000B30E06 /* LaunchScreen.storyboard in Resources */ = {isa = PBXBuildFile; fileRef = 894FF9441BE573D000B30E06 /* LaunchScreen.storyboard */; };
		894FF9511BE573D000B30E06 /* Fripple_App_v1Tests.swift in Sources */ = {isa = PBXBuildFile; fileRef = 894FF9501BE573D000B30E06 /* Fripple_App_v1Tests.swift */; };
		894FF95C1BE573D000B30E06 /* Fripple_App_v1UITests.swift in Sources */ = {isa = PBXBuildFile; fileRef = 894FF95B1BE573D000B30E06 /* Fripple_App_v1UITests.swift */; };
/* End PBXBuildFile section */

/* Begin PBXContainerItemProxy section */
		894FF94D1BE573D000B30E06 /* PBXContainerItemProxy */ = {
			isa = PBXContainerItemProxy;
			containerPortal = 894FF9301BE573CF00B30E06 /* Project object */;
			proxyType = 1;
			remoteGlobalIDString = 894FF9371BE573D000B30E06;
			remoteInfo = Fripple_App_v1;
		};
		894FF9581BE573D000B30E06 /* PBXContainerItemProxy */ = {
			isa = PBXContainerItemProxy;
			containerPortal = 894FF9301BE573CF00B30E06 /* Project object */;
			proxyType = 1;
			remoteGlobalIDString = 894FF9371BE573D000B30E06;
			remoteInfo = Fripple_App_v1;
		};
/* End PBXContainerItemProxy section */

/* Begin PBXFileReference section */
		894FF9381BE573D000B30E06 /* Fripple_App_v1.app */ = {isa = PBXFileReference; explicitFileType = wrapper.application; includeInIndex = 0; path = Fripple_App_v1.app; sourceTree = BUILT_PRODUCTS_DIR; };
		894FF93B1BE573D000B30E06 /* AppDelegate.swift */ = {isa = PBXFileReference; lastKnownFileType = sourcecode.swift; path = AppDelegate.swift; sourceTree = "<group>"; };
		894FF93D1BE573D000B30E06 /* ViewController.swift */ = {isa = PBXFileReference; lastKnownFileType = sourcecode.swift; path = ViewController.swift; sourceTree = "<group>"; };
		894FF9401BE573D000B30E06 /* Base */ = {isa = PBXFileReference; lastKnownFileType = file.storyboard; name = Base; path = Base.lproj/Main.storyboard; sourceTree = "<group>"; };
		894FF9421BE573D000B30E06 /* Assets.xcassets */ = {isa = PBXFileReference; lastKnownFileType = folder.assetcatalog; path = Assets.xcassets; sourceTree = "<group>"; };
		894FF9451BE573D000B30E06 /* Base */ = {isa = PBXFileReference; lastKnownFileType = file.storyboard; name = Base; path = Base.lproj/LaunchScreen.storyboard; sourceTree = "<group>"; };
		894FF9471BE573D000B30E06 /* Info.plist */ = {isa = PBXFileReference; lastKnownFileType = text.plist.xml; path = Info.plist; sourceTree = "<group>"; };
		894FF94C1BE573D000B30E06 /* Fripple_App_v1Tests.xctest */ = {isa = PBXFileReference; explicitFileType = wrapper.cfbundle; includeInIndex = 0; path = Fripple_App_v1Tests.xctest; sourceTree = BUILT_PRODUCTS_DIR; };
		894FF9501BE573D000B30E06 /* Fripple_App_v1Tests.swift */ = {isa = PBXFileReference; lastKnownFileType = sourcecode.swift; path = Fripple_App_v1Tests.swift; sourceTree = "<group>"; };
		894FF9521BE573D000B30E06 /* Info.plist */ = {isa = PBXFileReference; lastKnownFileType = text.plist.xml; path = Info.plist; sourceTree = "<group>"; };
		894FF9571BE573D000B30E06 /* Fripple_App_v1UITests.xctest */ = {isa = PBXFileReference; explicitFileType = wrapper.cfbundle; includeInIndex = 0; path = Fripple_App_v1UITests.xctest; sourceTree = BUILT_PRODUCTS_DIR; };
		894FF95B1BE573D000B30E06 /* Fripple_App_v1UITests.swift */ = {isa = PBXFileReference; lastKnownFileType = sourcecode.swift; path = Fripple_App_v1UITests.swift; sourceTree = "<group>"; };
		894FF95D1BE573D000B30E06 /* Info.plist */ = {isa = PBXFileReference; lastKnownFileType = text.plist.xml; path = Info.plist; sourceTree = "<group>"; };
/* End PBXFileReference section */

/* Begin PBXFrameworksBuildPhase section */
		894FF9351BE573D000B30E06 /* Frameworks */ = {
			isa = PBXFrameworksBuildPhase;
			buildActionMask = 2147483647;
			files = (
			);
			runOnlyForDeploymentPostprocessing = 0;
		};
		894FF9491BE573D000B30E06 /* Frameworks */ = {
			isa = PBXFrameworksBuildPhase;
			buildActionMask = 2147483647;
			files = (
			);
			runOnlyForDeploymentPostprocessing = 0;
		};
		894FF9541BE573D000B30E06 /* Frameworks */ = {
			isa = PBXFrameworksBuildPhase;
			buildActionMask = 2147483647;
			files = (
			);
			runOnlyForDeploymentPostprocessing = 0;
		};
/* End PBXFrameworksBuildPhase section */

/* Begin PBXGroup section */
		894FF92F1BE573CF00B30E06 = {
			isa = PBXGroup;
			children = (
				894FF93A1BE573D000B30E06 /* Fripple_App_v1 */,
				894FF94F1BE573D000B30E06 /* Fripple_App_v1Tests */,
				894FF95A1BE573D000B30E06 /* Fripple_App_v1UITests */,
				894FF9391BE573D000B30E06 /* Products */,
			);
			sourceTree = "<group>";
		};
		894FF9391BE573D000B30E06 /* Products */ = {
			isa = PBXGroup;
			children = (
				894FF9381BE573D000B30E06 /* Fripple_App_v1.app */,
				894FF94C1BE573D000B30E06 /* Fripple_App_v1Tests.xctest */,
				894FF9571BE573D000B30E06 /* Fripple_App_v1UITests.xctest */,
			);
			name = Products;
			sourceTree = "<group>";
		};
		894FF93A1BE573D000B30E06 /* Fripple_App_v1 */ = {
			isa = PBXGroup;
			children = (
				894FF93B1BE573D000B30E06 /* AppDelegate.swift */,
				894FF93D1BE573D000B30E06 /* ViewController.swift */,
				894FF93F1BE573D000B30E06 /* Main.storyboard */,
				894FF9421BE573D000B30E06 /* Assets.xcassets */,
				894FF9441BE573D000B30E06 /* LaunchScreen.storyboard */,
				894FF9471BE573D000B30E06 /* Info.plist */,
			);
			path = Fripple_App_v1;
			sourceTree = "<group>";
		};
		894FF94F1BE573D000B30E06 /* Fripple_App_v1Tests */ = {
			isa = PBXGroup;
			children = (
				894FF9501BE573D000B30E06 /* Fripple_App_v1Tests.swift */,
				894FF9521BE573D000B30E06 /* Info.plist */,
			);
			path = Fripple_App_v1Tests;
			sourceTree = "<group>";
		};
		894FF95A1BE573D000B30E06 /* Fripple_App_v1UITests */ = {
			isa = PBXGroup;
			children = (
				894FF95B1BE573D000B30E06 /* Fripple_App_v1UITests.swift */,
				894FF95D1BE573D000B30E06 /* Info.plist */,
			);
			path = Fripple_App_v1UITests;
			sourceTree = "<group>";
		};
/* End PBXGroup section */

/* Begin PBXNativeTarget section */
		894FF9371BE573D000B30E06 /* Fripple_App_v1 */ = {
			isa = PBXNativeTarget;
			buildConfigurationList = 894FF9601BE573D000B30E06 /* Build configuration list for PBXNativeTarget "Fripple_App_v1" */;
			buildPhases = (
				894FF9341BE573D000B30E06 /* Sources */,
				894FF9351BE573D000B30E06 /* Frameworks */,
				894FF9361BE573D000B30E06 /* Resources */,
			);
			buildRules = (
			);
			dependencies = (
			);
			name = Fripple_App_v1;
			productName = Fripple_App_v1;
			productReference = 894FF9381BE573D000B30E06 /* Fripple_App_v1.app */;
			productType = "com.apple.product-type.application";
		};
		894FF94B1BE573D000B30E06 /* Fripple_App_v1Tests */ = {
			isa = PBXNativeTarget;
			buildConfigurationList = 894FF9631BE573D000B30E06 /* Build configuration list for PBXNativeTarget "Fripple_App_v1Tests" */;
			buildPhases = (
				894FF9481BE573D000B30E06 /* Sources */,
				894FF9491BE573D000B30E06 /* Frameworks */,
				894FF94A1BE573D000B30E06 /* Resources */,
			);
			buildRules = (
			);
			dependencies = (
				894FF94E1BE573D000B30E06 /* PBXTargetDependency */,
			);
			name = Fripple_App_v1Tests;
			productName = Fripple_App_v1Tests;
			productReference = 894FF94C1BE573D000B30E06 /* Fripple_App_v1Tests.xctest */;
			productType = "com.apple.product-type.bundle.unit-test";
		};
		894FF9561BE573D000B30E06 /* Fripple_App_v1UITests */ = {
			isa = PBXNativeTarget;
			buildConfigurationList = 894FF9661BE573D000B30E06 /* Build configuration list for PBXNativeTarget "Fripple_App_v1UITests" */;
			buildPhases = (
				894FF9531BE573D000B30E06 /* Sources */,
				894FF9541BE573D000B30E06 /* Frameworks */,
				894FF9551BE573D000B30E06 /* Resources */,
			);
			buildRules = (
			);
			dependencies = (
				894FF9591BE573D000B30E06 /* PBXTargetDependency */,
			);
			name = Fripple_App_v1UITests;
			productName = Fripple_App_v1UITests;
			productReference = 894FF9571BE573D000B30E06 /* Fripple_App_v1UITests.xctest */;
			productType = "com.apple.product-type.bundle.ui-testing";
		};
/* End PBXNativeTarget section */

/* Begin PBXProject section */
		894FF9301BE573CF00B30E06 /* Project object */ = {
			isa = PBXProject;
			attributes = {
				LastSwiftUpdateCheck = 0710;
				LastUpgradeCheck = 0710;
				ORGANIZATIONNAME = "REM Designs";
				TargetAttributes = {
					894FF9371BE573D000B30E06 = {
						CreatedOnToolsVersion = 7.1;
					};
					894FF94B1BE573D000B30E06 = {
						CreatedOnToolsVersion = 7.1;
						TestTargetID = 894FF9371BE573D000B30E06;
					};
					894FF9561BE573D000B30E06 = {
						CreatedOnToolsVersion = 7.1;
						TestTargetID = 894FF9371BE573D000B30E06;
					};
				};
			};
			buildConfigurationList = 894FF9331BE573CF00B30E06 /* Build configuration list for PBXProject "Fripple_App_v1" */;
			compatibilityVersion = "Xcode 3.2";
			developmentRegion = English;
			hasScannedForEncodings = 0;
			knownRegions = (
				en,
				Base,
			);
			mainGroup = 894FF92F1BE573CF00B30E06;
			productRefGroup = 894FF9391BE573D000B30E06 /* Products */;
			projectDirPath = "";
			projectRoot = "";
			targets = (
				894FF9371BE573D000B30E06 /* Fripple_App_v1 */,
				894FF94B1BE573D000B30E06 /* Fripple_App_v1Tests */,
				894FF9561BE573D000B30E06 /* Fripple_App_v1UITests */,
			);
		};
/* End PBXProject section */

/* Begin PBXResourcesBuildPhase section */
		894FF9361BE573D000B30E06 /* Resources */ = {
			isa = PBXResourcesBuildPhase;
			buildActionMask = 2147483647;
			files = (
				894FF9461BE573D000B30E06 /* LaunchScreen.storyboard in Resources */,
				894FF9431BE573D000B30E06 /* Assets.xcassets in Resources */,
				894FF9411BE573D000B30E06 /* Main.storyboard in Resources */,
			);
			runOnlyForDeploymentPostprocessing = 0;
		};
		894FF94A1BE573D000B30E06 /* Resources */ = {
			isa = PBXResourcesBuildPhase;
			buildActionMask = 2147483647;
			files = (
			);
			runOnlyForDeploymentPostprocessing = 0;
		};
		894FF9551BE573D000B30E06 /* Resources */ = {
			isa = PBXResourcesBuildPhase;
			buildActionMask = 2147483647;
			files = (
			);
			runOnlyForDeploymentPostprocessing = 0;
		};
/* End PBXResourcesBuildPhase section */

/* Begin PBXSourcesBuildPhase section */
		894FF9341BE573D000B30E06 /* Sources */ = {
			isa = PBXSourcesBuildPhase;
			buildActionMask = 2147483647;
			files = (
				894FF93E1BE573D000B30E06 /* ViewController.swift in Sources */,
				894FF93C1BE573D000B30E06 /* AppDelegate.swift in Sources */,
			);
			runOnlyForDeploymentPostprocessing = 0;
		};
		894FF9481BE573D000B30E06 /* Sources */ = {
			isa = PBXSourcesBuildPhase;
			buildActionMask = 2147483647;
			files = (
				894FF9511BE573D000B30E06 /* Fripple_App_v1Tests.swift in Sources */,
			);
			runOnlyForDeploymentPostprocessing = 0;
		};
		894FF9531BE573D000B30E06 /* Sources */ = {
			isa = PBXSourcesBuildPhase;
			buildActionMask = 2147483647;
			files = (
				894FF95C1BE573D000B30E06 /* Fripple_App_v1UITests.swift in Sources */,
			);
			runOnlyForDeploymentPostprocessing = 0;
		};
/* End PBXSourcesBuildPhase section */

/* Begin PBXTargetDependency section */
		894FF94E1BE573D000B30E06 /* PBXTargetDependency */ = {
			isa = PBXTargetDependency;
			target = 894FF9371BE573D000B30E06 /* Fripple_App_v1 */;
			targetProxy = 894FF94D1BE573D000B30E06 /* PBXContainerItemProxy */;
		};
		894FF9591BE573D000B30E06 /* PBXTargetDependency */ = {
			isa = PBXTargetDependency;
			target = 894FF9371BE573D000B30E06 /* Fripple_App_v1 */;
			targetProxy = 894FF9581BE573D000B30E06 /* PBXContainerItemProxy */;
		};
/* End PBXTargetDependency section */

/* Begin PBXVariantGroup section */
		894FF93F1BE573D000B30E06 /* Main.storyboard */ = {
			isa = PBXVariantGroup;
			children = (
				894FF9401BE573D000B30E06 /* Base */,
			);
			name = Main.storyboard;
			sourceTree = "<group>";
		};
		894FF9441BE573D000B30E06 /* LaunchScreen.storyboard */ = {
			isa = PBXVariantGroup;
			children = (
				894FF9451BE573D000B30E06 /* Base */,
			);
			name = LaunchScreen.storyboard;
			sourceTree = "<group>";
		};
/* End PBXVariantGroup section */

/* Begin XCBuildConfiguration section */
		894FF95E1BE573D000B30E06 /* Debug */ = {
			isa = XCBuildConfiguration;
			buildSettings = {
				ALWAYS_SEARCH_USER_PATHS = NO;
				CLANG_CXX_LANGUAGE_STANDARD = "gnu++0x";
				CLANG_CXX_LIBRARY = "libc++";
				CLANG_ENABLE_MODULES = YES;
				CLANG_ENABLE_OBJC_ARC = YES;
				CLANG_WARN_BOOL_CONVERSION = YES;
				CLANG_WARN_CONSTANT_CONVERSION = YES;
				CLANG_WARN_DIRECT_OBJC_ISA_USAGE = YES_ERROR;
				CLANG_WARN_EMPTY_BODY = YES;
				CLANG_WARN_ENUM_CONVERSION = YES;
				CLANG_WARN_INT_CONVERSION = YES;
				CLANG_WARN_OBJC_ROOT_CLASS = YES_ERROR;
				CLANG_WARN_UNREACHABLE_CODE = YES;
				CLANG_WARN__DUPLICATE_METHOD_MATCH = YES;
				"CODE_SIGN_IDENTITY[sdk=iphoneos*]" = "iPhone Developer";
				COPY_PHASE_STRIP = NO;
				DEBUG_INFORMATION_FORMAT = dwarf;
				ENABLE_STRICT_OBJC_MSGSEND = YES;
				ENABLE_TESTABILITY = YES;
				GCC_C_LANGUAGE_STANDARD = gnu99;
				GCC_DYNAMIC_NO_PIC = NO;
				GCC_NO_COMMON_BLOCKS = YES;
				GCC_OPTIMIZATION_LEVEL = 0;
				GCC_PREPROCESSOR_DEFINITIONS = (
					"DEBUG=1",
					"$(inherited)",
				);
				GCC_WARN_64_TO_32_BIT_CONVERSION = YES;
				GCC_WARN_ABOUT_RETURN_TYPE = YES_ERROR;
				GCC_WARN_UNDECLARED_SELECTOR = YES;
				GCC_WARN_UNINITIALIZED_AUTOS = YES_AGGRESSIVE;
				GCC_WARN_UNUSED_FUNCTION = YES;
				GCC_WARN_UNUSED_VARIABLE = YES;
				IPHONEOS_DEPLOYMENT_TARGET = 9.1;
				MTL_ENABLE_DEBUG_INFO = YES;
				ONLY_ACTIVE_ARCH = YES;
				SDKROOT = iphoneos;
				SWIFT_OPTIMIZATION_LEVEL = "-Onone";
			};
			name = Debug;
		};
		894FF95F1BE573D000B30E06 /* Release */ = {
			isa = XCBuildConfiguration;
			buildSettings = {
				ALWAYS_SEARCH_USER_PATHS = NO;
				CLANG_CXX_LANGUAGE_STANDARD = "gnu++0x";
				CLANG_CXX_LIBRARY = "libc++";
				CLANG_ENABLE_MODULES = YES;
				CLANG_ENABLE_OBJC_ARC = YES;
				CLANG_WARN_BOOL_CONVERSION = YES;
				CLANG_WARN_CONSTANT_CONVERSION = YES;
				CLANG_WARN_DIRECT_OBJC_ISA_USAGE = YES_ERROR;
				CLANG_WARN_EMPTY_BODY = YES;
				CLANG_WARN_ENUM_CONVERSION = YES;
				CLANG_WARN_INT_CONVERSION = YES;
				CLANG_WARN_OBJC_ROOT_CLASS = YES_ERROR;
				CLANG_WARN_UNREACHABLE_CODE = YES;
				CLANG_WARN__DUPLICATE_METHOD_MATCH = YES;
				"CODE_SIGN_IDENTITY[sdk=iphoneos*]" = "iPhone Developer";
				COPY_PHASE_STRIP = NO;
				DEBUG_INFORMATION_FORMAT = "dwarf-with-dsym";
				ENABLE_NS_ASSERTIONS = NO;
				ENABLE_STRICT_OBJC_MSGSEND = YES;
				GCC_C_LANGUAGE_STANDARD = gnu99;
				GCC_NO_COMMON_BLOCKS = YES;
				GCC_WARN_64_TO_32_BIT_CONVERSION = YES;
				GCC_WARN_ABOUT_RETURN_TYPE = YES_ERROR;
				GCC_WARN_UNDECLARED_SELECTOR = YES;
				GCC_WARN_UNINITIALIZED_AUTOS = YES_AGGRESSIVE;
				GCC_WARN_UNUSED_FUNCTION = YES;
				GCC_WARN_UNUSED_VARIABLE = YES;
				IPHONEOS_DEPLOYMENT_TARGET = 9.1;
				MTL_ENABLE_DEBUG_INFO = NO;
				SDKROOT = iphoneos;
				VALIDATE_PRODUCT = YES;
			};
			name = Release;
		};
		894FF9611BE573D000B30E06 /* Debug */ = {
			isa = XCBuildConfiguration;
			buildSettings = {
				ASSETCATALOG_COMPILER_APPICON_NAME = AppIcon;
				INFOPLIST_FILE = Fripple_App_v1/Info.plist;
				LD_RUNPATH_SEARCH_PATHS = "$(inherited) @executable_path/Frameworks";
				PRODUCT_BUNDLE_IDENTIFIER = "REM-Designs.Fripple-App-v1";
				PRODUCT_NAME = "$(TARGET_NAME)";
			};
			name = Debug;
		};
		894FF9621BE573D000B30E06 /* Release */ = {
			isa = XCBuildConfiguration;
			buildSettings = {
				ASSETCATALOG_COMPILER_APPICON_NAME = AppIcon;
				INFOPLIST_FILE = Fripple_App_v1/Info.plist;
				LD_RUNPATH_SEARCH_PATHS = "$(inherited) @executable_path/Frameworks";
				PRODUCT_BUNDLE_IDENTIFIER = "REM-Designs.Fripple-App-v1";
				PRODUCT_NAME = "$(TARGET_NAME)";
			};
			name = Release;
		};
		894FF9641BE573D000B30E06 /* Debug */ = {
			isa = XCBuildConfiguration;
			buildSettings = {
				BUNDLE_LOADER = "$(TEST_HOST)";
				INFOPLIST_FILE = Fripple_App_v1Tests/Info.plist;
				LD_RUNPATH_SEARCH_PATHS = "$(inherited) @executable_path/Frameworks @loader_path/Frameworks";
				PRODUCT_BUNDLE_IDENTIFIER = "REM-Designs.Fripple-App-v1Tests";
				PRODUCT_NAME = "$(TARGET_NAME)";
				TEST_HOST = "$(BUILT_PRODUCTS_DIR)/Fripple_App_v1.app/Fripple_App_v1";
			};
			name = Debug;
		};
		894FF9651BE573D000B30E06 /* Release */ = {
			isa = XCBuildConfiguration;
			buildSettings = {
				BUNDLE_LOADER = "$(TEST_HOST)";
				INFOPLIST_FILE = Fripple_App_v1Tests/Info.plist;
				LD_RUNPATH_SEARCH_PATHS = "$(inherited) @executable_path/Frameworks @loader_path/Frameworks";
				PRODUCT_BUNDLE_IDENTIFIER = "REM-Designs.Fripple-App-v1Tests";
				PRODUCT_NAME = "$(TARGET_NAME)";
				TEST_HOST = "$(BUILT_PRODUCTS_DIR)/Fripple_App_v1.app/Fripple_App_v1";
			};
			name = Release;
		};
		894FF9671BE573D000B30E06 /* Debug */ = {
			isa = XCBuildConfiguration;
			buildSettings = {
				INFOPLIST_FILE = Fripple_App_v1UITests/Info.plist;
				LD_RUNPATH_SEARCH_PATHS = "$(inherited) @executable_path/Frameworks @loader_path/Frameworks";
				PRODUCT_BUNDLE_IDENTIFIER = "REM-Designs.Fripple-App-v1UITests";
				PRODUCT_NAME = "$(TARGET_NAME)";
				TEST_TARGET_NAME = Fripple_App_v1;
				USES_XCTRUNNER = YES;
			};
			name = Debug;
		};
		894FF9681BE573D000B30E06 /* Release */ = {
			isa = XCBuildConfiguration;
			buildSettings = {
				INFOPLIST_FILE = Fripple_App_v1UITests/Info.plist;
				LD_RUNPATH_SEARCH_PATHS = "$(inherited) @executable_path/Frameworks @loader_path/Frameworks";
				PRODUCT_BUNDLE_IDENTIFIER = "REM-Designs.Fripple-App-v1UITests";
				PRODUCT_NAME = "$(TARGET_NAME)";
				TEST_TARGET_NAME = Fripple_App_v1;
				USES_XCTRUNNER = YES;
			};
			name = Release;
		};
/* End XCBuildConfiguration section */

/* Begin XCConfigurationList section */
		894FF9331BE573CF00B30E06 /* Build configuration list for PBXProject "Fripple_App_v1" */ = {
			isa = XCConfigurationList;
			buildConfigurations = (
				894FF95E1BE573D000B30E06 /* Debug */,
				894FF95F1BE573D000B30E06 /* Release */,
			);
			defaultConfigurationIsVisible = 0;
			defaultConfigurationName = Release;
		};
		894FF9601BE573D000B30E06 /* Build configuration list for PBXNativeTarget "Fripple_App_v1" */ = {
			isa = XCConfigurationList;
			buildConfigurations = (
				894FF9611BE573D000B30E06 /* Debug */,
				894FF9621BE573D000B30E06 /* Release */,
			);
			defaultConfigurationIsVisible = 0;
		};
		894FF9631BE573D000B30E06 /* Build configuration list for PBXNativeTarget "Fripple_App_v1Tests" */ = {
			isa = XCConfigurationList;
			buildConfigurations = (
				894FF9641BE573D000B30E06 /* Debug */,
				894FF9651BE573D000B30E06 /* Release */,
			);
			defaultConfigurationIsVisible = 0;
		};
		894FF9661BE573D000B30E06 /* Build configuration list for PBXNativeTarget "Fripple_App_v1UITests" */ = {
			isa = XCConfigurationList;
			buildConfigurations = (
				894FF9671BE573D000B30E06 /* Debug */,
				894FF9681BE573D000B30E06 /* Release */,
			);
			defaultConfigurationIsVisible = 0;
		};
/* End XCConfigurationList section */
	};
	rootObject = 894FF9301BE573CF00B30E06 /* Project object */;
}
