// !$*UTF8*$!
{
	archiveVersion = 1;
	classes = {
	};
	objectVersion = 46;
	objects = {

/* Begin PBXBuildFile section */
		8906DD931C1A906F002F5028 /* SentTableViewCell.swift in Sources */ = {isa = PBXBuildFile; fileRef = 8906DD921C1A906F002F5028 /* SentTableViewCell.swift */; };
		8906DD951C1D2052002F5028 /* LoginViewController.swift in Sources */ = {isa = PBXBuildFile; fileRef = 8906DD941C1D2052002F5028 /* LoginViewController.swift */; };
		890D03E91C8E980D00406F6A /* CommentsViewController.swift in Sources */ = {isa = PBXBuildFile; fileRef = 890D03E81C8E980D00406F6A /* CommentsViewController.swift */; };
		890D03EB1C93E40800406F6A /* ProfileViewController.swift in Sources */ = {isa = PBXBuildFile; fileRef = 890D03EA1C93E40800406F6A /* ProfileViewController.swift */; };
		892E1CF11C12A84E00F01138 /* MenuTableViewController.swift in Sources */ = {isa = PBXBuildFile; fileRef = 892E1CF01C12A84E00F01138 /* MenuTableViewController.swift */; };
		892E1CF91C14CB3C00F01138 /* RecievedViewController.swift in Sources */ = {isa = PBXBuildFile; fileRef = 892E1CF81C14CB3C00F01138 /* RecievedViewController.swift */; };
		893FD7951C14EE2400F9EB9B /* RecievedTableViewCell.swift in Sources */ = {isa = PBXBuildFile; fileRef = 893FD7941C14EE2400F9EB9B /* RecievedTableViewCell.swift */; };
		893FD7971C14F9CB00F9EB9B /* TransitionManager.swift in Sources */ = {isa = PBXBuildFile; fileRef = 893FD7961C14F9CB00F9EB9B /* TransitionManager.swift */; };
		893FD7991C151B0F00F9EB9B /* TransitionManagerTwo.swift in Sources */ = {isa = PBXBuildFile; fileRef = 893FD7981C151B0E00F9EB9B /* TransitionManagerTwo.swift */; };
		893FD79B1C1530F100F9EB9B /* SentViewController.swift in Sources */ = {isa = PBXBuildFile; fileRef = 893FD79A1C1530F100F9EB9B /* SentViewController.swift */; };
		8948E0331BFAB29C000690DB /* NewFrippleImageViewController.swift in Sources */ = {isa = PBXBuildFile; fileRef = 8948E0321BFAB29C000690DB /* NewFrippleImageViewController.swift */; };
		894FF93C1BE573D000B30E06 /* AppDelegate.swift in Sources */ = {isa = PBXBuildFile; fileRef = 894FF93B1BE573D000B30E06 /* AppDelegate.swift */; };
		894FF9411BE573D000B30E06 /* Main.storyboard in Resources */ = {isa = PBXBuildFile; fileRef = 894FF93F1BE573D000B30E06 /* Main.storyboard */; };
		894FF9431BE573D000B30E06 /* Assets.xcassets in Resources */ = {isa = PBXBuildFile; fileRef = 894FF9421BE573D000B30E06 /* Assets.xcassets */; };
		894FF9461BE573D000B30E06 /* LaunchScreen.storyboard in Resources */ = {isa = PBXBuildFile; fileRef = 894FF9441BE573D000B30E06 /* LaunchScreen.storyboard */; };
		894FF9511BE573D000B30E06 /* Fripple_App_v1Tests.swift in Sources */ = {isa = PBXBuildFile; fileRef = 894FF9501BE573D000B30E06 /* Fripple_App_v1Tests.swift */; };
		894FF95C1BE573D000B30E06 /* Fripple_App_v1UITests.swift in Sources */ = {isa = PBXBuildFile; fileRef = 894FF95B1BE573D000B30E06 /* Fripple_App_v1UITests.swift */; };
		896775871C6DA146001D0818 /* TakeTextFrippleViewController.swift in Sources */ = {isa = PBXBuildFile; fileRef = 896775861C6DA146001D0818 /* TakeTextFrippleViewController.swift */; };
		896775891C742E0A001D0818 /* TakeImageViewController.swift in Sources */ = {isa = PBXBuildFile; fileRef = 896775881C742E0A001D0818 /* TakeImageViewController.swift */; };
		8967758B1C76DD4F001D0818 /* TakePrecannedViewController.swift in Sources */ = {isa = PBXBuildFile; fileRef = 8967758A1C76DD4F001D0818 /* TakePrecannedViewController.swift */; };
		8967758D1C7D6B6F001D0818 /* TextResultsViewController.swift in Sources */ = {isa = PBXBuildFile; fileRef = 8967758C1C7D6B6F001D0818 /* TextResultsViewController.swift */; };
		8967758F1C7D762D001D0818 /* ImageResultsViewController.swift in Sources */ = {isa = PBXBuildFile; fileRef = 8967758E1C7D762D001D0818 /* ImageResultsViewController.swift */; };
		896775911C7D7868001D0818 /* PrecannedResultsViewController.swift in Sources */ = {isa = PBXBuildFile; fileRef = 896775901C7D7868001D0818 /* PrecannedResultsViewController.swift */; };
		897C4ED11C51F36600AE52DB /* ContactsViewController.swift in Sources */ = {isa = PBXBuildFile; fileRef = 897C4ED01C51F36600AE52DB /* ContactsViewController.swift */; };
		897C4ED31C52CF1900AE52DB /* ContactsTableViewCell.swift in Sources */ = {isa = PBXBuildFile; fileRef = 897C4ED21C52CF1900AE52DB /* ContactsTableViewCell.swift */; };
		897C4ED51C57270E00AE52DB /* ContactsModel.swift in Sources */ = {isa = PBXBuildFile; fileRef = 897C4ED41C57270E00AE52DB /* ContactsModel.swift */; };
		897C4ED71C57278A00AE52DB /* ContactsClass.swift in Sources */ = {isa = PBXBuildFile; fileRef = 897C4ED61C57278A00AE52DB /* ContactsClass.swift */; };
		899F3C7B1BF81078000907EE /* NewFripplePrecannedViewController.swift in Sources */ = {isa = PBXBuildFile; fileRef = 899F3C7A1BF81078000907EE /* NewFripplePrecannedViewController.swift */; };
		89AFF5091C1E6EBD00CBF88C /* SignUpViewController.swift in Sources */ = {isa = PBXBuildFile; fileRef = 89AFF5081C1E6EBD00CBF88C /* SignUpViewController.swift */; };
		89AFF50C1C1FC47400CBF88C /* Bolts.framework in Frameworks */ = {isa = PBXBuildFile; fileRef = 89AFF50B1C1FC47400CBF88C /* Bolts.framework */; };
		89AFF50E1C1FC47D00CBF88C /* Parse.framework in Frameworks */ = {isa = PBXBuildFile; fileRef = 89AFF50D1C1FC47D00CBF88C /* Parse.framework */; };
		89AFF5101C1FC51A00CBF88C /* AudioToolbox.framework in Frameworks */ = {isa = PBXBuildFile; fileRef = 89AFF50F1C1FC51A00CBF88C /* AudioToolbox.framework */; };
		89AFF5121C1FC52600CBF88C /* CFNetwork.framework in Frameworks */ = {isa = PBXBuildFile; fileRef = 89AFF5111C1FC52600CBF88C /* CFNetwork.framework */; };
		89AFF5141C1FC54E00CBF88C /* CoreGraphics.framework in Frameworks */ = {isa = PBXBuildFile; fileRef = 89AFF5131C1FC54E00CBF88C /* CoreGraphics.framework */; };
		89AFF5161C1FC55700CBF88C /* CoreLocation.framework in Frameworks */ = {isa = PBXBuildFile; fileRef = 89AFF5151C1FC55700CBF88C /* CoreLocation.framework */; };
		89AFF5181C1FC55F00CBF88C /* QuartzCore.framework in Frameworks */ = {isa = PBXBuildFile; fileRef = 89AFF5171C1FC55F00CBF88C /* QuartzCore.framework */; };
		89AFF51A1C1FC56600CBF88C /* Security.framework in Frameworks */ = {isa = PBXBuildFile; fileRef = 89AFF5191C1FC56600CBF88C /* Security.framework */; };
		89AFF51C1C1FC56E00CBF88C /* StoreKit.framework in Frameworks */ = {isa = PBXBuildFile; fileRef = 89AFF51B1C1FC56E00CBF88C /* StoreKit.framework */; };
		89AFF51E1C1FC57500CBF88C /* SystemConfiguration.framework in Frameworks */ = {isa = PBXBuildFile; fileRef = 89AFF51D1C1FC57500CBF88C /* SystemConfiguration.framework */; };
		89AFF5201C1FC58300CBF88C /* libz.tbd in Frameworks */ = {isa = PBXBuildFile; fileRef = 89AFF51F1C1FC58300CBF88C /* libz.tbd */; };
		89AFF5221C1FC58F00CBF88C /* libsqlite3.tbd in Frameworks */ = {isa = PBXBuildFile; fileRef = 89AFF5211C1FC58F00CBF88C /* libsqlite3.tbd */; };
		89AFF5241C1FC5BB00CBF88C /* Accounts.framework in Frameworks */ = {isa = PBXBuildFile; fileRef = 89AFF5231C1FC5BB00CBF88C /* Accounts.framework */; };
		89AFF5261C1FC5C100CBF88C /* Social.framework in Frameworks */ = {isa = PBXBuildFile; fileRef = 89AFF5251C1FC5C100CBF88C /* Social.framework */; };
		89AFF5491C23DB7500CBF88C /* FBSDKCoreKit.framework in Frameworks */ = {isa = PBXBuildFile; fileRef = 89AFF5461C23DB7500CBF88C /* FBSDKCoreKit.framework */; };
		89AFF54A1C23DB7500CBF88C /* FBSDKLoginKit.framework in Frameworks */ = {isa = PBXBuildFile; fileRef = 89AFF5471C23DB7500CBF88C /* FBSDKLoginKit.framework */; };
		89AFF54B1C23DB7500CBF88C /* FBSDKShareKit.framework in Frameworks */ = {isa = PBXBuildFile; fileRef = 89AFF5481C23DB7500CBF88C /* FBSDKShareKit.framework */; };
		89AFF54D1C23DC1000CBF88C /* ParseFacebookUtilsV4.framework in Frameworks */ = {isa = PBXBuildFile; fileRef = 89AFF54C1C23DC1000CBF88C /* ParseFacebookUtilsV4.framework */; };
		89AFF54F1C260C4D00CBF88C /* MessageUI.framework in Frameworks */ = {isa = PBXBuildFile; fileRef = 89AFF54E1C260C4D00CBF88C /* MessageUI.framework */; };
		89AFF5511C2679FA00CBF88C /* CreateExampleThreeViewController.swift in Sources */ = {isa = PBXBuildFile; fileRef = 89AFF5501C2679FA00CBF88C /* CreateExampleThreeViewController.swift */; };
		89AFF5531C2A6B7B00CBF88C /* PrivacyViewController.swift in Sources */ = {isa = PBXBuildFile; fileRef = 89AFF5521C2A6B7B00CBF88C /* PrivacyViewController.swift */; };
		89B808691C010F940067316F /* SplashViewController.swift in Sources */ = {isa = PBXBuildFile; fileRef = 89B808681C010F940067316F /* SplashViewController.swift */; };
		89B8086B1C01127E0067316F /* WelcomeViewController.swift in Sources */ = {isa = PBXBuildFile; fileRef = 89B8086A1C01127E0067316F /* WelcomeViewController.swift */; };
		89B8087D1C014ADF0067316F /* Logo_main_1.png in Resources */ = {isa = PBXBuildFile; fileRef = 89B8087C1C014ADF0067316F /* Logo_main_1.png */; };
		89B808851C01834D0067316F /* Logo_main_3.png in Resources */ = {isa = PBXBuildFile; fileRef = 89B808831C01834D0067316F /* Logo_main_3.png */; };
		89B808871C0184820067316F /* Logo_main_2.png in Resources */ = {isa = PBXBuildFile; fileRef = 89B808861C0184820067316F /* Logo_main_2.png */; };
		89B808891C0184E80067316F /* Logo_main_4.png in Resources */ = {isa = PBXBuildFile; fileRef = 89B808881C0184E80067316F /* Logo_main_4.png */; };
		89B8088B1C0185350067316F /* Logo_main_5.png in Resources */ = {isa = PBXBuildFile; fileRef = 89B8088A1C0185350067316F /* Logo_main_5.png */; };
		89B8088D1C0187570067316F /* Logo_main_6.png in Resources */ = {isa = PBXBuildFile; fileRef = 89B8088C1C0187570067316F /* Logo_main_6.png */; };
		89B8088F1C0187B80067316F /* Logo_main_7.png in Resources */ = {isa = PBXBuildFile; fileRef = 89B8088E1C0187B80067316F /* Logo_main_7.png */; };
		89B808941C018A3E0067316F /* Logo_main_8.png in Resources */ = {isa = PBXBuildFile; fileRef = 89B808901C018A3E0067316F /* Logo_main_8.png */; };
		89B808951C018A3E0067316F /* Logo_main_9.png in Resources */ = {isa = PBXBuildFile; fileRef = 89B808911C018A3E0067316F /* Logo_main_9.png */; };
		89B808961C018A3E0067316F /* Logo_main_10.png in Resources */ = {isa = PBXBuildFile; fileRef = 89B808921C018A3E0067316F /* Logo_main_10.png */; };
		89B808971C018A3E0067316F /* Logo_main_11.png in Resources */ = {isa = PBXBuildFile; fileRef = 89B808931C018A3E0067316F /* Logo_main_11.png */; };
		89B808A21C018DED0067316F /* Logo_main_12.png in Resources */ = {isa = PBXBuildFile; fileRef = 89B808981C018DED0067316F /* Logo_main_12.png */; };
		89B808A31C018DED0067316F /* Logo_main_13.png in Resources */ = {isa = PBXBuildFile; fileRef = 89B808991C018DED0067316F /* Logo_main_13.png */; };
		89B808A41C018DED0067316F /* Logo_main_14.png in Resources */ = {isa = PBXBuildFile; fileRef = 89B8089A1C018DED0067316F /* Logo_main_14.png */; };
		89B808A51C018DED0067316F /* Logo_main_15.png in Resources */ = {isa = PBXBuildFile; fileRef = 89B8089B1C018DED0067316F /* Logo_main_15.png */; };
		89B808A61C018DED0067316F /* Logo_main_16.png in Resources */ = {isa = PBXBuildFile; fileRef = 89B8089C1C018DED0067316F /* Logo_main_16.png */; };
		89B808A71C018DED0067316F /* Logo_main_17.png in Resources */ = {isa = PBXBuildFile; fileRef = 89B8089D1C018DED0067316F /* Logo_main_17.png */; };
		89B808A81C018DED0067316F /* Logo_main_18.png in Resources */ = {isa = PBXBuildFile; fileRef = 89B8089E1C018DED0067316F /* Logo_main_18.png */; };
		89B808A91C018DED0067316F /* Logo_main_19.png in Resources */ = {isa = PBXBuildFile; fileRef = 89B8089F1C018DED0067316F /* Logo_main_19.png */; };
		89B808AA1C018DED0067316F /* Logo_main_20.png in Resources */ = {isa = PBXBuildFile; fileRef = 89B808A01C018DED0067316F /* Logo_main_20.png */; };
		89B808AB1C018DED0067316F /* Logo_main_21.png in Resources */ = {isa = PBXBuildFile; fileRef = 89B808A11C018DED0067316F /* Logo_main_21.png */; };
		89B808AD1C01987A0067316F /* Logo_main_22.png in Resources */ = {isa = PBXBuildFile; fileRef = 89B808AC1C01987A0067316F /* Logo_main_22.png */; };
		89B808AF1C019A400067316F /* rippleSound.wav in Resources */ = {isa = PBXBuildFile; fileRef = 89B808AE1C019A400067316F /* rippleSound.wav */; };
		89B808B61C057B180067316F /* CommandCentralViewController.swift in Sources */ = {isa = PBXBuildFile; fileRef = 89B808B51C057B180067316F /* CommandCentralViewController.swift */; };
		89B808BA1C0A5D1C0067316F /* AboutViewController.swift in Sources */ = {isa = PBXBuildFile; fileRef = 89B808B91C0A5D1C0067316F /* AboutViewController.swift */; };
		89B808C01C0A5D4B0067316F /* ResultsViewController.swift in Sources */ = {isa = PBXBuildFile; fileRef = 89B808BF1C0A5D4B0067316F /* ResultsViewController.swift */; };
		89B808C41C0A5FAE0067316F /* PageViewController.swift in Sources */ = {isa = PBXBuildFile; fileRef = 89B808C31C0A5FAE0067316F /* PageViewController.swift */; };
		89C94A231C0A8B0D0059B83D /* ContainerViewController.swift in Sources */ = {isa = PBXBuildFile; fileRef = 89C94A221C0A8B0D0059B83D /* ContainerViewController.swift */; };
		89C94A251C0D4EE80059B83D /* CreateExampleOneViewController.swift in Sources */ = {isa = PBXBuildFile; fileRef = 89C94A241C0D4EE80059B83D /* CreateExampleOneViewController.swift */; };
		89C94A271C0D4EF80059B83D /* CreateExampleTwoViewController.swift in Sources */ = {isa = PBXBuildFile; fileRef = 89C94A261C0D4EF80059B83D /* CreateExampleTwoViewController.swift */; };
		89F5E4E11BF1A456009C56B8 /* NewFrippleViewController.swift in Sources */ = {isa = PBXBuildFile; fileRef = 89F5E4E01BF1A456009C56B8 /* NewFrippleViewController.swift */; };
		89FEBEE81C9FA5CC0055935A /* RecoveryEmailViewController.swift in Sources */ = {isa = PBXBuildFile; fileRef = 89FEBEE71C9FA5CC0055935A /* RecoveryEmailViewController.swift */; };
		89FEBEEA1CA24A870055935A /* CommandCentralPreviewViewController.swift in Sources */ = {isa = PBXBuildFile; fileRef = 89FEBEE91CA24A870055935A /* CommandCentralPreviewViewController.swift */; };
		89FEBEEC1CA24AC40055935A /* CommentsPreviewViewController.swift in Sources */ = {isa = PBXBuildFile; fileRef = 89FEBEEB1CA24AC40055935A /* CommentsPreviewViewController.swift */; };
/* End PBXBuildFile section */

/* Begin PBXContainerItemProxy section */
		894FF94D1BE573D000B30E06 /* PBXContainerItemProxy */ = {
			isa = PBXContainerItemProxy;
			containerPortal = 894FF9301BE573CF00B30E06 /* Project object */;
			proxyType = 1;
			remoteGlobalIDString = 894FF9371BE573D000B30E06;
			remoteInfo = Fripple_App_v1;
		};
		894FF9581BE573D000B30E06 /* PBXContainerItemProxy */ = {
			isa = PBXContainerItemProxy;
			containerPortal = 894FF9301BE573CF00B30E06 /* Project object */;
			proxyType = 1;
			remoteGlobalIDString = 894FF9371BE573D000B30E06;
			remoteInfo = Fripple_App_v1;
		};
/* End PBXContainerItemProxy section */

/* Begin PBXFileReference section */
		8906DD921C1A906F002F5028 /* SentTableViewCell.swift */ = {isa = PBXFileReference; fileEncoding = 4; lastKnownFileType = sourcecode.swift; path = SentTableViewCell.swift; sourceTree = "<group>"; };
		8906DD941C1D2052002F5028 /* LoginViewController.swift */ = {isa = PBXFileReference; fileEncoding = 4; lastKnownFileType = sourcecode.swift; path = LoginViewController.swift; sourceTree = "<group>"; };
		890D03E81C8E980D00406F6A /* CommentsViewController.swift */ = {isa = PBXFileReference; fileEncoding = 4; lastKnownFileType = sourcecode.swift; path = CommentsViewController.swift; sourceTree = "<group>"; };
		890D03EA1C93E40800406F6A /* ProfileViewController.swift */ = {isa = PBXFileReference; fileEncoding = 4; lastKnownFileType = sourcecode.swift; path = ProfileViewController.swift; sourceTree = "<group>"; };
		892E1CF01C12A84E00F01138 /* MenuTableViewController.swift */ = {isa = PBXFileReference; fileEncoding = 4; lastKnownFileType = sourcecode.swift; path = MenuTableViewController.swift; sourceTree = "<group>"; };
		892E1CF81C14CB3C00F01138 /* RecievedViewController.swift */ = {isa = PBXFileReference; fileEncoding = 4; lastKnownFileType = sourcecode.swift; path = RecievedViewController.swift; sourceTree = "<group>"; };
		893FD7941C14EE2400F9EB9B /* RecievedTableViewCell.swift */ = {isa = PBXFileReference; fileEncoding = 4; lastKnownFileType = sourcecode.swift; path = RecievedTableViewCell.swift; sourceTree = "<group>"; };
		893FD7961C14F9CB00F9EB9B /* TransitionManager.swift */ = {isa = PBXFileReference; fileEncoding = 4; lastKnownFileType = sourcecode.swift; path = TransitionManager.swift; sourceTree = "<group>"; };
		893FD7981C151B0E00F9EB9B /* TransitionManagerTwo.swift */ = {isa = PBXFileReference; fileEncoding = 4; lastKnownFileType = sourcecode.swift; path = TransitionManagerTwo.swift; sourceTree = "<group>"; };
		893FD79A1C1530F100F9EB9B /* SentViewController.swift */ = {isa = PBXFileReference; fileEncoding = 4; lastKnownFileType = sourcecode.swift; path = SentViewController.swift; sourceTree = "<group>"; };
		8948E0321BFAB29C000690DB /* NewFrippleImageViewController.swift */ = {isa = PBXFileReference; fileEncoding = 4; lastKnownFileType = sourcecode.swift; path = NewFrippleImageViewController.swift; sourceTree = "<group>"; };
		894FF9381BE573D000B30E06 /* Fripple.app */ = {isa = PBXFileReference; explicitFileType = wrapper.application; includeInIndex = 0; path = Fripple.app; sourceTree = BUILT_PRODUCTS_DIR; };
		894FF93B1BE573D000B30E06 /* AppDelegate.swift */ = {isa = PBXFileReference; lastKnownFileType = sourcecode.swift; path = AppDelegate.swift; sourceTree = "<group>"; };
		894FF9401BE573D000B30E06 /* Base */ = {isa = PBXFileReference; lastKnownFileType = file.storyboard; name = Base; path = Base.lproj/Main.storyboard; sourceTree = "<group>"; };
		894FF9421BE573D000B30E06 /* Assets.xcassets */ = {isa = PBXFileReference; lastKnownFileType = folder.assetcatalog; path = Assets.xcassets; sourceTree = "<group>"; };
		894FF9451BE573D000B30E06 /* Base */ = {isa = PBXFileReference; lastKnownFileType = file.storyboard; name = Base; path = Base.lproj/LaunchScreen.storyboard; sourceTree = "<group>"; };
		894FF9471BE573D000B30E06 /* Info.plist */ = {isa = PBXFileReference; lastKnownFileType = text.plist.xml; path = Info.plist; sourceTree = "<group>"; };
		894FF94C1BE573D000B30E06 /* Fripple.xctest */ = {isa = PBXFileReference; explicitFileType = wrapper.cfbundle; includeInIndex = 0; path = Fripple.xctest; sourceTree = BUILT_PRODUCTS_DIR; };
		894FF9501BE573D000B30E06 /* Fripple_App_v1Tests.swift */ = {isa = PBXFileReference; lastKnownFileType = sourcecode.swift; path = Fripple_App_v1Tests.swift; sourceTree = "<group>"; };
		894FF9521BE573D000B30E06 /* Info.plist */ = {isa = PBXFileReference; lastKnownFileType = text.plist.xml; path = Info.plist; sourceTree = "<group>"; };
		894FF9571BE573D000B30E06 /* Fripple.xctest */ = {isa = PBXFileReference; explicitFileType = wrapper.cfbundle; includeInIndex = 0; path = Fripple.xctest; sourceTree = BUILT_PRODUCTS_DIR; };
		894FF95B1BE573D000B30E06 /* Fripple_App_v1UITests.swift */ = {isa = PBXFileReference; lastKnownFileType = sourcecode.swift; path = Fripple_App_v1UITests.swift; sourceTree = "<group>"; };
		894FF95D1BE573D000B30E06 /* Info.plist */ = {isa = PBXFileReference; lastKnownFileType = text.plist.xml; path = Info.plist; sourceTree = "<group>"; };
		896775861C6DA146001D0818 /* TakeTextFrippleViewController.swift */ = {isa = PBXFileReference; fileEncoding = 4; lastKnownFileType = sourcecode.swift; path = TakeTextFrippleViewController.swift; sourceTree = "<group>"; };
		896775881C742E0A001D0818 /* TakeImageViewController.swift */ = {isa = PBXFileReference; fileEncoding = 4; lastKnownFileType = sourcecode.swift; path = TakeImageViewController.swift; sourceTree = "<group>"; };
		8967758A1C76DD4F001D0818 /* TakePrecannedViewController.swift */ = {isa = PBXFileReference; fileEncoding = 4; lastKnownFileType = sourcecode.swift; path = TakePrecannedViewController.swift; sourceTree = "<group>"; };
		8967758C1C7D6B6F001D0818 /* TextResultsViewController.swift */ = {isa = PBXFileReference; fileEncoding = 4; lastKnownFileType = sourcecode.swift; path = TextResultsViewController.swift; sourceTree = "<group>"; };
		8967758E1C7D762D001D0818 /* ImageResultsViewController.swift */ = {isa = PBXFileReference; fileEncoding = 4; lastKnownFileType = sourcecode.swift; path = ImageResultsViewController.swift; sourceTree = "<group>"; };
		896775901C7D7868001D0818 /* PrecannedResultsViewController.swift */ = {isa = PBXFileReference; fileEncoding = 4; lastKnownFileType = sourcecode.swift; path = PrecannedResultsViewController.swift; sourceTree = "<group>"; };
		897C4ED01C51F36600AE52DB /* ContactsViewController.swift */ = {isa = PBXFileReference; fileEncoding = 4; lastKnownFileType = sourcecode.swift; path = ContactsViewController.swift; sourceTree = "<group>"; };
		897C4ED21C52CF1900AE52DB /* ContactsTableViewCell.swift */ = {isa = PBXFileReference; fileEncoding = 4; lastKnownFileType = sourcecode.swift; path = ContactsTableViewCell.swift; sourceTree = "<group>"; };
		897C4ED41C57270E00AE52DB /* ContactsModel.swift */ = {isa = PBXFileReference; fileEncoding = 4; lastKnownFileType = sourcecode.swift; path = ContactsModel.swift; sourceTree = "<group>"; };
		897C4ED61C57278A00AE52DB /* ContactsClass.swift */ = {isa = PBXFileReference; fileEncoding = 4; lastKnownFileType = sourcecode.swift; path = ContactsClass.swift; sourceTree = "<group>"; };
		899F3C7A1BF81078000907EE /* NewFripplePrecannedViewController.swift */ = {isa = PBXFileReference; fileEncoding = 4; lastKnownFileType = sourcecode.swift; path = NewFripplePrecannedViewController.swift; sourceTree = "<group>"; };
		89AFF5081C1E6EBD00CBF88C /* SignUpViewController.swift */ = {isa = PBXFileReference; fileEncoding = 4; lastKnownFileType = sourcecode.swift; path = SignUpViewController.swift; sourceTree = "<group>"; };
		89AFF50B1C1FC47400CBF88C /* Bolts.framework */ = {isa = PBXFileReference; lastKnownFileType = wrapper.framework; path = Bolts.framework; sourceTree = "<group>"; };
		89AFF50D1C1FC47D00CBF88C /* Parse.framework */ = {isa = PBXFileReference; lastKnownFileType = wrapper.framework; path = Parse.framework; sourceTree = "<group>"; };
		89AFF50F1C1FC51A00CBF88C /* AudioToolbox.framework */ = {isa = PBXFileReference; lastKnownFileType = wrapper.framework; name = AudioToolbox.framework; path = System/Library/Frameworks/AudioToolbox.framework; sourceTree = SDKROOT; };
		89AFF5111C1FC52600CBF88C /* CFNetwork.framework */ = {isa = PBXFileReference; lastKnownFileType = wrapper.framework; name = CFNetwork.framework; path = System/Library/Frameworks/CFNetwork.framework; sourceTree = SDKROOT; };
		89AFF5131C1FC54E00CBF88C /* CoreGraphics.framework */ = {isa = PBXFileReference; lastKnownFileType = wrapper.framework; name = CoreGraphics.framework; path = System/Library/Frameworks/CoreGraphics.framework; sourceTree = SDKROOT; };
		89AFF5151C1FC55700CBF88C /* CoreLocation.framework */ = {isa = PBXFileReference; lastKnownFileType = wrapper.framework; name = CoreLocation.framework; path = System/Library/Frameworks/CoreLocation.framework; sourceTree = SDKROOT; };
		89AFF5171C1FC55F00CBF88C /* QuartzCore.framework */ = {isa = PBXFileReference; lastKnownFileType = wrapper.framework; name = QuartzCore.framework; path = System/Library/Frameworks/QuartzCore.framework; sourceTree = SDKROOT; };
		89AFF5191C1FC56600CBF88C /* Security.framework */ = {isa = PBXFileReference; lastKnownFileType = wrapper.framework; name = Security.framework; path = System/Library/Frameworks/Security.framework; sourceTree = SDKROOT; };
		89AFF51B1C1FC56E00CBF88C /* StoreKit.framework */ = {isa = PBXFileReference; lastKnownFileType = wrapper.framework; name = StoreKit.framework; path = System/Library/Frameworks/StoreKit.framework; sourceTree = SDKROOT; };
		89AFF51D1C1FC57500CBF88C /* SystemConfiguration.framework */ = {isa = PBXFileReference; lastKnownFileType = wrapper.framework; name = SystemConfiguration.framework; path = System/Library/Frameworks/SystemConfiguration.framework; sourceTree = SDKROOT; };
		89AFF51F1C1FC58300CBF88C /* libz.tbd */ = {isa = PBXFileReference; lastKnownFileType = "sourcecode.text-based-dylib-definition"; name = libz.tbd; path = usr/lib/libz.tbd; sourceTree = SDKROOT; };
		89AFF5211C1FC58F00CBF88C /* libsqlite3.tbd */ = {isa = PBXFileReference; lastKnownFileType = "sourcecode.text-based-dylib-definition"; name = libsqlite3.tbd; path = usr/lib/libsqlite3.tbd; sourceTree = SDKROOT; };
		89AFF5231C1FC5BB00CBF88C /* Accounts.framework */ = {isa = PBXFileReference; lastKnownFileType = wrapper.framework; name = Accounts.framework; path = System/Library/Frameworks/Accounts.framework; sourceTree = SDKROOT; };
		89AFF5251C1FC5C100CBF88C /* Social.framework */ = {isa = PBXFileReference; lastKnownFileType = wrapper.framework; name = Social.framework; path = System/Library/Frameworks/Social.framework; sourceTree = SDKROOT; };
		89AFF5461C23DB7500CBF88C /* FBSDKCoreKit.framework */ = {isa = PBXFileReference; lastKnownFileType = wrapper.framework; path = FBSDKCoreKit.framework; sourceTree = "<group>"; };
		89AFF5471C23DB7500CBF88C /* FBSDKLoginKit.framework */ = {isa = PBXFileReference; lastKnownFileType = wrapper.framework; path = FBSDKLoginKit.framework; sourceTree = "<group>"; };
		89AFF5481C23DB7500CBF88C /* FBSDKShareKit.framework */ = {isa = PBXFileReference; lastKnownFileType = wrapper.framework; path = FBSDKShareKit.framework; sourceTree = "<group>"; };
		89AFF54C1C23DC1000CBF88C /* ParseFacebookUtilsV4.framework */ = {isa = PBXFileReference; lastKnownFileType = wrapper.framework; path = ParseFacebookUtilsV4.framework; sourceTree = "<group>"; };
		89AFF54E1C260C4D00CBF88C /* MessageUI.framework */ = {isa = PBXFileReference; lastKnownFileType = wrapper.framework; name = MessageUI.framework; path = System/Library/Frameworks/MessageUI.framework; sourceTree = SDKROOT; };
		89AFF5501C2679FA00CBF88C /* CreateExampleThreeViewController.swift */ = {isa = PBXFileReference; fileEncoding = 4; lastKnownFileType = sourcecode.swift; path = CreateExampleThreeViewController.swift; sourceTree = "<group>"; };
		89AFF5521C2A6B7B00CBF88C /* PrivacyViewController.swift */ = {isa = PBXFileReference; fileEncoding = 4; lastKnownFileType = sourcecode.swift; path = PrivacyViewController.swift; sourceTree = "<group>"; };
		89B808681C010F940067316F /* SplashViewController.swift */ = {isa = PBXFileReference; fileEncoding = 4; lastKnownFileType = sourcecode.swift; path = SplashViewController.swift; sourceTree = "<group>"; };
		89B8086A1C01127E0067316F /* WelcomeViewController.swift */ = {isa = PBXFileReference; fileEncoding = 4; lastKnownFileType = sourcecode.swift; path = WelcomeViewController.swift; sourceTree = "<group>"; };
		89B8087C1C014ADF0067316F /* Logo_main_1.png */ = {isa = PBXFileReference; lastKnownFileType = image.png; path = Logo_main_1.png; sourceTree = "<group>"; };
		89B808831C01834D0067316F /* Logo_main_3.png */ = {isa = PBXFileReference; lastKnownFileType = image.png; path = Logo_main_3.png; sourceTree = "<group>"; };
		89B808861C0184820067316F /* Logo_main_2.png */ = {isa = PBXFileReference; lastKnownFileType = image.png; path = Logo_main_2.png; sourceTree = "<group>"; };
		89B808881C0184E80067316F /* Logo_main_4.png */ = {isa = PBXFileReference; lastKnownFileType = image.png; path = Logo_main_4.png; sourceTree = "<group>"; };
		89B8088A1C0185350067316F /* Logo_main_5.png */ = {isa = PBXFileReference; lastKnownFileType = image.png; path = Logo_main_5.png; sourceTree = "<group>"; };
		89B8088C1C0187570067316F /* Logo_main_6.png */ = {isa = PBXFileReference; lastKnownFileType = image.png; path = Logo_main_6.png; sourceTree = "<group>"; };
		89B8088E1C0187B80067316F /* Logo_main_7.png */ = {isa = PBXFileReference; lastKnownFileType = image.png; path = Logo_main_7.png; sourceTree = "<group>"; };
		89B808901C018A3E0067316F /* Logo_main_8.png */ = {isa = PBXFileReference; lastKnownFileType = image.png; path = Logo_main_8.png; sourceTree = "<group>"; };
		89B808911C018A3E0067316F /* Logo_main_9.png */ = {isa = PBXFileReference; lastKnownFileType = image.png; path = Logo_main_9.png; sourceTree = "<group>"; };
		89B808921C018A3E0067316F /* Logo_main_10.png */ = {isa = PBXFileReference; lastKnownFileType = image.png; path = Logo_main_10.png; sourceTree = "<group>"; };
		89B808931C018A3E0067316F /* Logo_main_11.png */ = {isa = PBXFileReference; lastKnownFileType = image.png; path = Logo_main_11.png; sourceTree = "<group>"; };
		89B808981C018DED0067316F /* Logo_main_12.png */ = {isa = PBXFileReference; lastKnownFileType = image.png; path = Logo_main_12.png; sourceTree = "<group>"; };
		89B808991C018DED0067316F /* Logo_main_13.png */ = {isa = PBXFileReference; lastKnownFileType = image.png; path = Logo_main_13.png; sourceTree = "<group>"; };
		89B8089A1C018DED0067316F /* Logo_main_14.png */ = {isa = PBXFileReference; lastKnownFileType = image.png; path = Logo_main_14.png; sourceTree = "<group>"; };
		89B8089B1C018DED0067316F /* Logo_main_15.png */ = {isa = PBXFileReference; lastKnownFileType = image.png; path = Logo_main_15.png; sourceTree = "<group>"; };
		89B8089C1C018DED0067316F /* Logo_main_16.png */ = {isa = PBXFileReference; lastKnownFileType = image.png; path = Logo_main_16.png; sourceTree = "<group>"; };
		89B8089D1C018DED0067316F /* Logo_main_17.png */ = {isa = PBXFileReference; lastKnownFileType = image.png; path = Logo_main_17.png; sourceTree = "<group>"; };
		89B8089E1C018DED0067316F /* Logo_main_18.png */ = {isa = PBXFileReference; lastKnownFileType = image.png; path = Logo_main_18.png; sourceTree = "<group>"; };
		89B8089F1C018DED0067316F /* Logo_main_19.png */ = {isa = PBXFileReference; lastKnownFileType = image.png; path = Logo_main_19.png; sourceTree = "<group>"; };
		89B808A01C018DED0067316F /* Logo_main_20.png */ = {isa = PBXFileReference; lastKnownFileType = image.png; path = Logo_main_20.png; sourceTree = "<group>"; };
		89B808A11C018DED0067316F /* Logo_main_21.png */ = {isa = PBXFileReference; lastKnownFileType = image.png; path = Logo_main_21.png; sourceTree = "<group>"; };
		89B808AC1C01987A0067316F /* Logo_main_22.png */ = {isa = PBXFileReference; lastKnownFileType = image.png; path = Logo_main_22.png; sourceTree = "<group>"; };
		89B808AE1C019A400067316F /* rippleSound.wav */ = {isa = PBXFileReference; lastKnownFileType = audio.wav; path = rippleSound.wav; sourceTree = "<group>"; };
		89B808B51C057B180067316F /* CommandCentralViewController.swift */ = {isa = PBXFileReference; fileEncoding = 4; lastKnownFileType = sourcecode.swift; path = CommandCentralViewController.swift; sourceTree = "<group>"; };
		89B808B91C0A5D1C0067316F /* AboutViewController.swift */ = {isa = PBXFileReference; fileEncoding = 4; lastKnownFileType = sourcecode.swift; path = AboutViewController.swift; sourceTree = "<group>"; };
		89B808BF1C0A5D4B0067316F /* ResultsViewController.swift */ = {isa = PBXFileReference; fileEncoding = 4; lastKnownFileType = sourcecode.swift; path = ResultsViewController.swift; sourceTree = "<group>"; };
		89B808C31C0A5FAE0067316F /* PageViewController.swift */ = {isa = PBXFileReference; fileEncoding = 4; lastKnownFileType = sourcecode.swift; path = PageViewController.swift; sourceTree = "<group>"; };
		89C94A221C0A8B0D0059B83D /* ContainerViewController.swift */ = {isa = PBXFileReference; fileEncoding = 4; lastKnownFileType = sourcecode.swift; path = ContainerViewController.swift; sourceTree = "<group>"; };
		89C94A241C0D4EE80059B83D /* CreateExampleOneViewController.swift */ = {isa = PBXFileReference; fileEncoding = 4; lastKnownFileType = sourcecode.swift; path = CreateExampleOneViewController.swift; sourceTree = "<group>"; };
		89C94A261C0D4EF80059B83D /* CreateExampleTwoViewController.swift */ = {isa = PBXFileReference; fileEncoding = 4; lastKnownFileType = sourcecode.swift; path = CreateExampleTwoViewController.swift; sourceTree = "<group>"; };
		89F5E4E01BF1A456009C56B8 /* NewFrippleViewController.swift */ = {isa = PBXFileReference; fileEncoding = 4; lastKnownFileType = sourcecode.swift; path = NewFrippleViewController.swift; sourceTree = "<group>"; };
		89FEBEE71C9FA5CC0055935A /* RecoveryEmailViewController.swift */ = {isa = PBXFileReference; fileEncoding = 4; lastKnownFileType = sourcecode.swift; path = RecoveryEmailViewController.swift; sourceTree = "<group>"; };
		89FEBEE91CA24A870055935A /* CommandCentralPreviewViewController.swift */ = {isa = PBXFileReference; fileEncoding = 4; lastKnownFileType = sourcecode.swift; path = CommandCentralPreviewViewController.swift; sourceTree = "<group>"; };
		89FEBEEB1CA24AC40055935A /* CommentsPreviewViewController.swift */ = {isa = PBXFileReference; fileEncoding = 4; lastKnownFileType = sourcecode.swift; path = CommentsPreviewViewController.swift; sourceTree = "<group>"; };
/* End PBXFileReference section */

/* Begin PBXFrameworksBuildPhase section */
		894FF9351BE573D000B30E06 /* Frameworks */ = {
			isa = PBXFrameworksBuildPhase;
			buildActionMask = 2147483647;
			files = (
				89AFF54F1C260C4D00CBF88C /* MessageUI.framework in Frameworks */,
				89AFF5261C1FC5C100CBF88C /* Social.framework in Frameworks */,
				89AFF5241C1FC5BB00CBF88C /* Accounts.framework in Frameworks */,
				89AFF54B1C23DB7500CBF88C /* FBSDKShareKit.framework in Frameworks */,
				89AFF5221C1FC58F00CBF88C /* libsqlite3.tbd in Frameworks */,
				89AFF5201C1FC58300CBF88C /* libz.tbd in Frameworks */,
				89AFF51E1C1FC57500CBF88C /* SystemConfiguration.framework in Frameworks */,
				89AFF51C1C1FC56E00CBF88C /* StoreKit.framework in Frameworks */,
				89AFF51A1C1FC56600CBF88C /* Security.framework in Frameworks */,
				89AFF5181C1FC55F00CBF88C /* QuartzCore.framework in Frameworks */,
				89AFF5161C1FC55700CBF88C /* CoreLocation.framework in Frameworks */,
				89AFF5141C1FC54E00CBF88C /* CoreGraphics.framework in Frameworks */,
				89AFF5491C23DB7500CBF88C /* FBSDKCoreKit.framework in Frameworks */,
				89AFF5121C1FC52600CBF88C /* CFNetwork.framework in Frameworks */,
				89AFF5101C1FC51A00CBF88C /* AudioToolbox.framework in Frameworks */,
				89AFF54D1C23DC1000CBF88C /* ParseFacebookUtilsV4.framework in Frameworks */,
				89AFF50E1C1FC47D00CBF88C /* Parse.framework in Frameworks */,
				89AFF54A1C23DB7500CBF88C /* FBSDKLoginKit.framework in Frameworks */,
				89AFF50C1C1FC47400CBF88C /* Bolts.framework in Frameworks */,
			);
			runOnlyForDeploymentPostprocessing = 0;
		};
		894FF9491BE573D000B30E06 /* Frameworks */ = {
			isa = PBXFrameworksBuildPhase;
			buildActionMask = 2147483647;
			files = (
			);
			runOnlyForDeploymentPostprocessing = 0;
		};
		894FF9541BE573D000B30E06 /* Frameworks */ = {
			isa = PBXFrameworksBuildPhase;
			buildActionMask = 2147483647;
			files = (
			);
			runOnlyForDeploymentPostprocessing = 0;
		};
/* End PBXFrameworksBuildPhase section */

/* Begin PBXGroup section */
		894FF92F1BE573CF00B30E06 = {
			isa = PBXGroup;
			children = (
				89AFF50A1C1FC36C00CBF88C /* Frameworks */,
				894FF93A1BE573D000B30E06 /* Fripple_App_v1 */,
				894FF94F1BE573D000B30E06 /* Fripple_App_v1Tests */,
				894FF95A1BE573D000B30E06 /* Fripple_App_v1UITests */,
				894FF9391BE573D000B30E06 /* Products */,
			);
			sourceTree = "<group>";
		};
		894FF9391BE573D000B30E06 /* Products */ = {
			isa = PBXGroup;
			children = (
				894FF9381BE573D000B30E06 /* Fripple.app */,
				894FF94C1BE573D000B30E06 /* Fripple.xctest */,
				894FF9571BE573D000B30E06 /* Fripple.xctest */,
			);
			name = Products;
			sourceTree = "<group>";
		};
		894FF93A1BE573D000B30E06 /* Fripple_App_v1 */ = {
			isa = PBXGroup;
			children = (
				894FF93B1BE573D000B30E06 /* AppDelegate.swift */,
				89B808681C010F940067316F /* SplashViewController.swift */,
				89B808C31C0A5FAE0067316F /* PageViewController.swift */,
				89B8086A1C01127E0067316F /* WelcomeViewController.swift */,
				89FEBEE91CA24A870055935A /* CommandCentralPreviewViewController.swift */,
				89C94A241C0D4EE80059B83D /* CreateExampleOneViewController.swift */,
				89AFF5501C2679FA00CBF88C /* CreateExampleThreeViewController.swift */,
				89C94A261C0D4EF80059B83D /* CreateExampleTwoViewController.swift */,
				89B808BF1C0A5D4B0067316F /* ResultsViewController.swift */,
				89FEBEEB1CA24AC40055935A /* CommentsPreviewViewController.swift */,
				89AFF5081C1E6EBD00CBF88C /* SignUpViewController.swift */,
				8906DD941C1D2052002F5028 /* LoginViewController.swift */,
				89FEBEE71C9FA5CC0055935A /* RecoveryEmailViewController.swift */,
				89C94A221C0A8B0D0059B83D /* ContainerViewController.swift */,
				89B808B51C057B180067316F /* CommandCentralViewController.swift */,
				892E1CF01C12A84E00F01138 /* MenuTableViewController.swift */,
				89B808B91C0A5D1C0067316F /* AboutViewController.swift */,
				89AFF5521C2A6B7B00CBF88C /* PrivacyViewController.swift */,
				890D03EA1C93E40800406F6A /* ProfileViewController.swift */,
				89F5E4E01BF1A456009C56B8 /* NewFrippleViewController.swift */,
				8948E0321BFAB29C000690DB /* NewFrippleImageViewController.swift */,
				899F3C7A1BF81078000907EE /* NewFripplePrecannedViewController.swift */,
				897C4ED61C57278A00AE52DB /* ContactsClass.swift */,
				897C4ED41C57270E00AE52DB /* ContactsModel.swift */,
				897C4ED21C52CF1900AE52DB /* ContactsTableViewCell.swift */,
				897C4ED01C51F36600AE52DB /* ContactsViewController.swift */,
				896775861C6DA146001D0818 /* TakeTextFrippleViewController.swift */,
				896775881C742E0A001D0818 /* TakeImageViewController.swift */,
				8967758A1C76DD4F001D0818 /* TakePrecannedViewController.swift */,
				892E1CF81C14CB3C00F01138 /* RecievedViewController.swift */,
				893FD7941C14EE2400F9EB9B /* RecievedTableViewCell.swift */,
				893FD79A1C1530F100F9EB9B /* SentViewController.swift */,
				8906DD921C1A906F002F5028 /* SentTableViewCell.swift */,
				8967758C1C7D6B6F001D0818 /* TextResultsViewController.swift */,
				8967758E1C7D762D001D0818 /* ImageResultsViewController.swift */,
				896775901C7D7868001D0818 /* PrecannedResultsViewController.swift */,
				890D03E81C8E980D00406F6A /* CommentsViewController.swift */,
				893FD7961C14F9CB00F9EB9B /* TransitionManager.swift */,
				893FD7981C151B0E00F9EB9B /* TransitionManagerTwo.swift */,
				894FF93F1BE573D000B30E06 /* Main.storyboard */,
				89B808AE1C019A400067316F /* rippleSound.wav */,
				89B808B01C019B210067316F /* Sounds and Animations */,
				894FF9421BE573D000B30E06 /* Assets.xcassets */,
				894FF9441BE573D000B30E06 /* LaunchScreen.storyboard */,
				894FF9471BE573D000B30E06 /* Info.plist */,
			);
			path = Fripple_App_v1;
			sourceTree = "<group>";
		};
		894FF94F1BE573D000B30E06 /* Fripple_App_v1Tests */ = {
			isa = PBXGroup;
			children = (
				894FF9501BE573D000B30E06 /* Fripple_App_v1Tests.swift */,
				894FF9521BE573D000B30E06 /* Info.plist */,
			);
			path = Fripple_App_v1Tests;
			sourceTree = "<group>";
		};
		894FF95A1BE573D000B30E06 /* Fripple_App_v1UITests */ = {
			isa = PBXGroup;
			children = (
				894FF95B1BE573D000B30E06 /* Fripple_App_v1UITests.swift */,
				894FF95D1BE573D000B30E06 /* Info.plist */,
			);
			path = Fripple_App_v1UITests;
			sourceTree = "<group>";
		};
		89AFF50A1C1FC36C00CBF88C /* Frameworks */ = {
			isa = PBXGroup;
			children = (
				89AFF54E1C260C4D00CBF88C /* MessageUI.framework */,
				89AFF54C1C23DC1000CBF88C /* ParseFacebookUtilsV4.framework */,
				89AFF5461C23DB7500CBF88C /* FBSDKCoreKit.framework */,
				89AFF5471C23DB7500CBF88C /* FBSDKLoginKit.framework */,
				89AFF5481C23DB7500CBF88C /* FBSDKShareKit.framework */,
				89AFF5251C1FC5C100CBF88C /* Social.framework */,
				89AFF5231C1FC5BB00CBF88C /* Accounts.framework */,
				89AFF5211C1FC58F00CBF88C /* libsqlite3.tbd */,
				89AFF51F1C1FC58300CBF88C /* libz.tbd */,
				89AFF51D1C1FC57500CBF88C /* SystemConfiguration.framework */,
				89AFF51B1C1FC56E00CBF88C /* StoreKit.framework */,
				89AFF5191C1FC56600CBF88C /* Security.framework */,
				89AFF5171C1FC55F00CBF88C /* QuartzCore.framework */,
				89AFF5151C1FC55700CBF88C /* CoreLocation.framework */,
				89AFF5131C1FC54E00CBF88C /* CoreGraphics.framework */,
				89AFF5111C1FC52600CBF88C /* CFNetwork.framework */,
				89AFF50F1C1FC51A00CBF88C /* AudioToolbox.framework */,
				89AFF50B1C1FC47400CBF88C /* Bolts.framework */,
				89AFF50D1C1FC47D00CBF88C /* Parse.framework */,
			);
			name = Frameworks;
			sourceTree = "<group>";
		};
		89B808B01C019B210067316F /* Sounds and Animations */ = {
			isa = PBXGroup;
			children = (
				89B8087C1C014ADF0067316F /* Logo_main_1.png */,
				89B808861C0184820067316F /* Logo_main_2.png */,
				89B808831C01834D0067316F /* Logo_main_3.png */,
				89B808881C0184E80067316F /* Logo_main_4.png */,
				89B8088A1C0185350067316F /* Logo_main_5.png */,
				89B8088C1C0187570067316F /* Logo_main_6.png */,
				89B8088E1C0187B80067316F /* Logo_main_7.png */,
				89B808901C018A3E0067316F /* Logo_main_8.png */,
				89B808911C018A3E0067316F /* Logo_main_9.png */,
				89B808921C018A3E0067316F /* Logo_main_10.png */,
				89B808931C018A3E0067316F /* Logo_main_11.png */,
				89B808981C018DED0067316F /* Logo_main_12.png */,
				89B808991C018DED0067316F /* Logo_main_13.png */,
				89B8089A1C018DED0067316F /* Logo_main_14.png */,
				89B8089B1C018DED0067316F /* Logo_main_15.png */,
				89B8089C1C018DED0067316F /* Logo_main_16.png */,
				89B8089D1C018DED0067316F /* Logo_main_17.png */,
				89B8089E1C018DED0067316F /* Logo_main_18.png */,
				89B8089F1C018DED0067316F /* Logo_main_19.png */,
				89B808A01C018DED0067316F /* Logo_main_20.png */,
				89B808A11C018DED0067316F /* Logo_main_21.png */,
				89B808AC1C01987A0067316F /* Logo_main_22.png */,
			);
			name = "Sounds and Animations";
			sourceTree = "<group>";
		};
/* End PBXGroup section */

/* Begin PBXNativeTarget section */
		894FF9371BE573D000B30E06 /* Fripple */ = {
			isa = PBXNativeTarget;
			buildConfigurationList = 894FF9601BE573D000B30E06 /* Build configuration list for PBXNativeTarget "Fripple" */;
			buildPhases = (
				894FF9341BE573D000B30E06 /* Sources */,
				894FF9351BE573D000B30E06 /* Frameworks */,
				894FF9361BE573D000B30E06 /* Resources */,
			);
			buildRules = (
			);
			dependencies = (
			);
			name = Fripple;
			productName = Fripple_App_v1;
			productReference = 894FF9381BE573D000B30E06 /* Fripple.app */;
			productType = "com.apple.product-type.application";
		};
		894FF94B1BE573D000B30E06 /* FrippleTests */ = {
			isa = PBXNativeTarget;
			buildConfigurationList = 894FF9631BE573D000B30E06 /* Build configuration list for PBXNativeTarget "FrippleTests" */;
			buildPhases = (
				894FF9481BE573D000B30E06 /* Sources */,
				894FF9491BE573D000B30E06 /* Frameworks */,
				894FF94A1BE573D000B30E06 /* Resources */,
			);
			buildRules = (
			);
			dependencies = (
				894FF94E1BE573D000B30E06 /* PBXTargetDependency */,
			);
			name = FrippleTests;
			productName = Fripple_App_v1Tests;
			productReference = 894FF94C1BE573D000B30E06 /* Fripple.xctest */;
			productType = "com.apple.product-type.bundle.unit-test";
		};
		894FF9561BE573D000B30E06 /* FrippleUITests */ = {
			isa = PBXNativeTarget;
			buildConfigurationList = 894FF9661BE573D000B30E06 /* Build configuration list for PBXNativeTarget "FrippleUITests" */;
			buildPhases = (
				894FF9531BE573D000B30E06 /* Sources */,
				894FF9541BE573D000B30E06 /* Frameworks */,
				894FF9551BE573D000B30E06 /* Resources */,
			);
			buildRules = (
			);
			dependencies = (
				894FF9591BE573D000B30E06 /* PBXTargetDependency */,
			);
			name = FrippleUITests;
			productName = Fripple_App_v1UITests;
			productReference = 894FF9571BE573D000B30E06 /* Fripple.xctest */;
			productType = "com.apple.product-type.bundle.ui-testing";
		};
/* End PBXNativeTarget section */

/* Begin PBXProject section */
		894FF9301BE573CF00B30E06 /* Project object */ = {
			isa = PBXProject;
			attributes = {
				LastSwiftUpdateCheck = 0710;
				LastUpgradeCheck = 0710;
				ORGANIZATIONNAME = "REM Designs";
				TargetAttributes = {
					894FF9371BE573D000B30E06 = {
						CreatedOnToolsVersion = 7.1;
						DevelopmentTeam = S2NBJU8CMN;
					};
					894FF94B1BE573D000B30E06 = {
						CreatedOnToolsVersion = 7.1;
						TestTargetID = 894FF9371BE573D000B30E06;
					};
					894FF9561BE573D000B30E06 = {
						CreatedOnToolsVersion = 7.1;
						TestTargetID = 894FF9371BE573D000B30E06;
					};
				};
			};
			buildConfigurationList = 894FF9331BE573CF00B30E06 /* Build configuration list for PBXProject "Fripple" */;
			compatibilityVersion = "Xcode 3.2";
			developmentRegion = English;
			hasScannedForEncodings = 0;
			knownRegions = (
				en,
				Base,
			);
			mainGroup = 894FF92F1BE573CF00B30E06;
			productRefGroup = 894FF9391BE573D000B30E06 /* Products */;
			projectDirPath = "";
			projectRoot = "";
			targets = (
				894FF9371BE573D000B30E06 /* Fripple */,
				894FF94B1BE573D000B30E06 /* FrippleTests */,
				894FF9561BE573D000B30E06 /* FrippleUITests */,
			);
		};
/* End PBXProject section */

/* Begin PBXResourcesBuildPhase section */
		894FF9361BE573D000B30E06 /* Resources */ = {
			isa = PBXResourcesBuildPhase;
			buildActionMask = 2147483647;
			files = (
				89B8088D1C0187570067316F /* Logo_main_6.png in Resources */,
				89B808A51C018DED0067316F /* Logo_main_15.png in Resources */,
				89B808A21C018DED0067316F /* Logo_main_12.png in Resources */,
				89B808A91C018DED0067316F /* Logo_main_19.png in Resources */,
				89B8088F1C0187B80067316F /* Logo_main_7.png in Resources */,
				89B808871C0184820067316F /* Logo_main_2.png in Resources */,
				89B808951C018A3E0067316F /* Logo_main_9.png in Resources */,
				89B808941C018A3E0067316F /* Logo_main_8.png in Resources */,
				89B808AF1C019A400067316F /* rippleSound.wav in Resources */,
				894FF9461BE573D000B30E06 /* LaunchScreen.storyboard in Resources */,
				89B808961C018A3E0067316F /* Logo_main_10.png in Resources */,
				89B808AB1C018DED0067316F /* Logo_main_21.png in Resources */,
				894FF9431BE573D000B30E06 /* Assets.xcassets in Resources */,
				89B8088B1C0185350067316F /* Logo_main_5.png in Resources */,
				89B808A71C018DED0067316F /* Logo_main_17.png in Resources */,
				89B808971C018A3E0067316F /* Logo_main_11.png in Resources */,
				89B808AA1C018DED0067316F /* Logo_main_20.png in Resources */,
				89B808AD1C01987A0067316F /* Logo_main_22.png in Resources */,
				89B808A31C018DED0067316F /* Logo_main_13.png in Resources */,
				89B808851C01834D0067316F /* Logo_main_3.png in Resources */,
				894FF9411BE573D000B30E06 /* Main.storyboard in Resources */,
				89B808A81C018DED0067316F /* Logo_main_18.png in Resources */,
				89B808A41C018DED0067316F /* Logo_main_14.png in Resources */,
				89B808A61C018DED0067316F /* Logo_main_16.png in Resources */,
				89B808891C0184E80067316F /* Logo_main_4.png in Resources */,
				89B8087D1C014ADF0067316F /* Logo_main_1.png in Resources */,
			);
			runOnlyForDeploymentPostprocessing = 0;
		};
		894FF94A1BE573D000B30E06 /* Resources */ = {
			isa = PBXResourcesBuildPhase;
			buildActionMask = 2147483647;
			files = (
			);
			runOnlyForDeploymentPostprocessing = 0;
		};
		894FF9551BE573D000B30E06 /* Resources */ = {
			isa = PBXResourcesBuildPhase;
			buildActionMask = 2147483647;
			files = (
			);
			runOnlyForDeploymentPostprocessing = 0;
		};
/* End PBXResourcesBuildPhase section */

/* Begin PBXSourcesBuildPhase section */
		894FF9341BE573D000B30E06 /* Sources */ = {
			isa = PBXSourcesBuildPhase;
			buildActionMask = 2147483647;
			files = (
				8967758F1C7D762D001D0818 /* ImageResultsViewController.swift in Sources */,
				897C4ED31C52CF1900AE52DB /* ContactsTableViewCell.swift in Sources */,
				89B8086B1C01127E0067316F /* WelcomeViewController.swift in Sources */,
				8948E0331BFAB29C000690DB /* NewFrippleImageViewController.swift in Sources */,
				893FD79B1C1530F100F9EB9B /* SentViewController.swift in Sources */,
				89AFF5531C2A6B7B00CBF88C /* PrivacyViewController.swift in Sources */,
				89B808BA1C0A5D1C0067316F /* AboutViewController.swift in Sources */,
				89FEBEEC1CA24AC40055935A /* CommentsPreviewViewController.swift in Sources */,
				89B808C01C0A5D4B0067316F /* ResultsViewController.swift in Sources */,
				89FEBEE81C9FA5CC0055935A /* RecoveryEmailViewController.swift in Sources */,
				89B808C41C0A5FAE0067316F /* PageViewController.swift in Sources */,
				899F3C7B1BF81078000907EE /* NewFripplePrecannedViewController.swift in Sources */,
				893FD7991C151B0F00F9EB9B /* TransitionManagerTwo.swift in Sources */,
				89C94A251C0D4EE80059B83D /* CreateExampleOneViewController.swift in Sources */,
				893FD7971C14F9CB00F9EB9B /* TransitionManager.swift in Sources */,
				897C4ED71C57278A00AE52DB /* ContactsClass.swift in Sources */,
				89C94A271C0D4EF80059B83D /* CreateExampleTwoViewController.swift in Sources */,
				8906DD951C1D2052002F5028 /* LoginViewController.swift in Sources */,
				897C4ED11C51F36600AE52DB /* ContactsViewController.swift in Sources */,
				896775871C6DA146001D0818 /* TakeTextFrippleViewController.swift in Sources */,
				8967758D1C7D6B6F001D0818 /* TextResultsViewController.swift in Sources */,
				89FEBEEA1CA24A870055935A /* CommandCentralPreviewViewController.swift in Sources */,
				897C4ED51C57270E00AE52DB /* ContactsModel.swift in Sources */,
				89B808B61C057B180067316F /* CommandCentralViewController.swift in Sources */,
				892E1CF91C14CB3C00F01138 /* RecievedViewController.swift in Sources */,
				89F5E4E11BF1A456009C56B8 /* NewFrippleViewController.swift in Sources */,
				894FF93C1BE573D000B30E06 /* AppDelegate.swift in Sources */,
				892E1CF11C12A84E00F01138 /* MenuTableViewController.swift in Sources */,
				89AFF5511C2679FA00CBF88C /* CreateExampleThreeViewController.swift in Sources */,
				893FD7951C14EE2400F9EB9B /* RecievedTableViewCell.swift in Sources */,
				890D03EB1C93E40800406F6A /* ProfileViewController.swift in Sources */,
				89B808691C010F940067316F /* SplashViewController.swift in Sources */,
				89C94A231C0A8B0D0059B83D /* ContainerViewController.swift in Sources */,
				890D03E91C8E980D00406F6A /* CommentsViewController.swift in Sources */,
				89AFF5091C1E6EBD00CBF88C /* SignUpViewController.swift in Sources */,
				896775911C7D7868001D0818 /* PrecannedResultsViewController.swift in Sources */,
				8906DD931C1A906F002F5028 /* SentTableViewCell.swift in Sources */,
				8967758B1C76DD4F001D0818 /* TakePrecannedViewController.swift in Sources */,
				896775891C742E0A001D0818 /* TakeImageViewController.swift in Sources */,
			);
			runOnlyForDeploymentPostprocessing = 0;
		};
		894FF9481BE573D000B30E06 /* Sources */ = {
			isa = PBXSourcesBuildPhase;
			buildActionMask = 2147483647;
			files = (
				894FF9511BE573D000B30E06 /* Fripple_App_v1Tests.swift in Sources */,
			);
			runOnlyForDeploymentPostprocessing = 0;
		};
		894FF9531BE573D000B30E06 /* Sources */ = {
			isa = PBXSourcesBuildPhase;
			buildActionMask = 2147483647;
			files = (
				894FF95C1BE573D000B30E06 /* Fripple_App_v1UITests.swift in Sources */,
			);
			runOnlyForDeploymentPostprocessing = 0;
		};
/* End PBXSourcesBuildPhase section */

/* Begin PBXTargetDependency section */
		894FF94E1BE573D000B30E06 /* PBXTargetDependency */ = {
			isa = PBXTargetDependency;
			target = 894FF9371BE573D000B30E06 /* Fripple */;
			targetProxy = 894FF94D1BE573D000B30E06 /* PBXContainerItemProxy */;
		};
		894FF9591BE573D000B30E06 /* PBXTargetDependency */ = {
			isa = PBXTargetDependency;
			target = 894FF9371BE573D000B30E06 /* Fripple */;
			targetProxy = 894FF9581BE573D000B30E06 /* PBXContainerItemProxy */;
		};
/* End PBXTargetDependency section */

/* Begin PBXVariantGroup section */
		894FF93F1BE573D000B30E06 /* Main.storyboard */ = {
			isa = PBXVariantGroup;
			children = (
				894FF9401BE573D000B30E06 /* Base */,
			);
			name = Main.storyboard;
			sourceTree = "<group>";
		};
		894FF9441BE573D000B30E06 /* LaunchScreen.storyboard */ = {
			isa = PBXVariantGroup;
			children = (
				894FF9451BE573D000B30E06 /* Base */,
			);
			name = LaunchScreen.storyboard;
			sourceTree = "<group>";
		};
/* End PBXVariantGroup section */

/* Begin XCBuildConfiguration section */
		894FF95E1BE573D000B30E06 /* Debug */ = {
			isa = XCBuildConfiguration;
			buildSettings = {
				ALWAYS_SEARCH_USER_PATHS = NO;
				CLANG_CXX_LANGUAGE_STANDARD = "gnu++0x";
				CLANG_CXX_LIBRARY = "libc++";
				CLANG_ENABLE_MODULES = YES;
				CLANG_ENABLE_OBJC_ARC = YES;
				CLANG_WARN_BOOL_CONVERSION = YES;
				CLANG_WARN_CONSTANT_CONVERSION = YES;
				CLANG_WARN_DIRECT_OBJC_ISA_USAGE = YES_ERROR;
				CLANG_WARN_EMPTY_BODY = YES;
				CLANG_WARN_ENUM_CONVERSION = YES;
				CLANG_WARN_INT_CONVERSION = YES;
				CLANG_WARN_OBJC_ROOT_CLASS = YES_ERROR;
				CLANG_WARN_UNREACHABLE_CODE = YES;
				CLANG_WARN__DUPLICATE_METHOD_MATCH = YES;
				"CODE_SIGN_IDENTITY[sdk=iphoneos*]" = "iPhone Developer";
				COPY_PHASE_STRIP = NO;
				DEBUG_INFORMATION_FORMAT = dwarf;
				ENABLE_STRICT_OBJC_MSGSEND = YES;
				ENABLE_TESTABILITY = YES;
				GCC_C_LANGUAGE_STANDARD = gnu99;
				GCC_DYNAMIC_NO_PIC = NO;
				GCC_NO_COMMON_BLOCKS = YES;
				GCC_OPTIMIZATION_LEVEL = 0;
				GCC_PREPROCESSOR_DEFINITIONS = (
					"DEBUG=1",
					"$(inherited)",
				);
				GCC_WARN_64_TO_32_BIT_CONVERSION = YES;
				GCC_WARN_ABOUT_RETURN_TYPE = YES_ERROR;
				GCC_WARN_UNDECLARED_SELECTOR = YES;
				GCC_WARN_UNINITIALIZED_AUTOS = YES_AGGRESSIVE;
				GCC_WARN_UNUSED_FUNCTION = YES;
				GCC_WARN_UNUSED_VARIABLE = YES;
				IPHONEOS_DEPLOYMENT_TARGET = 8.4;
				MTL_ENABLE_DEBUG_INFO = YES;
				ONLY_ACTIVE_ARCH = YES;
				SDKROOT = iphoneos;
				SWIFT_OPTIMIZATION_LEVEL = "-Onone";
			};
			name = Debug;
		};
		894FF95F1BE573D000B30E06 /* Release */ = {
			isa = XCBuildConfiguration;
			buildSettings = {
				ALWAYS_SEARCH_USER_PATHS = NO;
				CLANG_CXX_LANGUAGE_STANDARD = "gnu++0x";
				CLANG_CXX_LIBRARY = "libc++";
				CLANG_ENABLE_MODULES = YES;
				CLANG_ENABLE_OBJC_ARC = YES;
				CLANG_WARN_BOOL_CONVERSION = YES;
				CLANG_WARN_CONSTANT_CONVERSION = YES;
				CLANG_WARN_DIRECT_OBJC_ISA_USAGE = YES_ERROR;
				CLANG_WARN_EMPTY_BODY = YES;
				CLANG_WARN_ENUM_CONVERSION = YES;
				CLANG_WARN_INT_CONVERSION = YES;
				CLANG_WARN_OBJC_ROOT_CLASS = YES_ERROR;
				CLANG_WARN_UNREACHABLE_CODE = YES;
				CLANG_WARN__DUPLICATE_METHOD_MATCH = YES;
				"CODE_SIGN_IDENTITY[sdk=iphoneos*]" = "iPhone Developer";
				COPY_PHASE_STRIP = NO;
				DEBUG_INFORMATION_FORMAT = "dwarf-with-dsym";
				ENABLE_NS_ASSERTIONS = NO;
				ENABLE_STRICT_OBJC_MSGSEND = YES;
				GCC_C_LANGUAGE_STANDARD = gnu99;
				GCC_NO_COMMON_BLOCKS = YES;
				GCC_WARN_64_TO_32_BIT_CONVERSION = YES;
				GCC_WARN_ABOUT_RETURN_TYPE = YES_ERROR;
				GCC_WARN_UNDECLARED_SELECTOR = YES;
				GCC_WARN_UNINITIALIZED_AUTOS = YES_AGGRESSIVE;
				GCC_WARN_UNUSED_FUNCTION = YES;
				GCC_WARN_UNUSED_VARIABLE = YES;
				IPHONEOS_DEPLOYMENT_TARGET = 8.4;
				MTL_ENABLE_DEBUG_INFO = NO;
				SDKROOT = iphoneos;
				VALIDATE_PRODUCT = YES;
			};
			name = Release;
		};
		894FF9611BE573D000B30E06 /* Debug */ = {
			isa = XCBuildConfiguration;
			buildSettings = {
				ASSETCATALOG_COMPILER_APPICON_NAME = AppIcon;
				CLANG_ENABLE_MODULES = YES;
				CODE_SIGN_IDENTITY = "iPhone Developer";
				"CODE_SIGN_IDENTITY[sdk=iphoneos*]" = "iPhone Developer";
				FRAMEWORK_SEARCH_PATHS = (
					"$(inherited)",
					"$(PROJECT_DIR)",
				);
				INFOPLIST_FILE = Fripple_App_v1/Info.plist;
				IPHONEOS_DEPLOYMENT_TARGET = 9.2;
				LD_RUNPATH_SEARCH_PATHS = "$(inherited) @executable_path/Frameworks";
				PRODUCT_BUNDLE_IDENTIFIER = "REM-Designs.Fripple-App-v1";
				PRODUCT_NAME = Fripple;
				PROVISIONING_PROFILE = "";
				SWIFT_OPTIMIZATION_LEVEL = "-Onone";
				TARGETED_DEVICE_FAMILY = 1;
			};
			name = Debug;
		};
		894FF9621BE573D000B30E06 /* Release */ = {
			isa = XCBuildConfiguration;
			buildSettings = {
				ASSETCATALOG_COMPILER_APPICON_NAME = AppIcon;
				CLANG_ENABLE_MODULES = YES;
				CODE_SIGN_IDENTITY = "iPhone Developer";
				"CODE_SIGN_IDENTITY[sdk=iphoneos*]" = "iPhone Developer";
				FRAMEWORK_SEARCH_PATHS = (
					"$(inherited)",
					"$(PROJECT_DIR)",
				);
				INFOPLIST_FILE = Fripple_App_v1/Info.plist;
				IPHONEOS_DEPLOYMENT_TARGET = 9.2;
				LD_RUNPATH_SEARCH_PATHS = "$(inherited) @executable_path/Frameworks";
				PRODUCT_BUNDLE_IDENTIFIER = "REM-Designs.Fripple-App-v1";
				PRODUCT_NAME = Fripple;
				PROVISIONING_PROFILE = "";
				TARGETED_DEVICE_FAMILY = 1;
			};
			name = Release;
		};
		894FF9641BE573D000B30E06 /* Debug */ = {
			isa = XCBuildConfiguration;
			buildSettings = {
				BUNDLE_LOADER = "$(TEST_HOST)";
				INFOPLIST_FILE = Fripple_App_v1Tests/Info.plist;
				LD_RUNPATH_SEARCH_PATHS = "$(inherited) @executable_path/Frameworks @loader_path/Frameworks";
				PRODUCT_BUNDLE_IDENTIFIER = "REM-Designs.Fripple-App-v1Tests";
				PRODUCT_NAME = Fripple;
				TEST_HOST = "$(BUILT_PRODUCTS_DIR)/Fripple.app/Fripple";
			};
			name = Debug;
		};
		894FF9651BE573D000B30E06 /* Release */ = {
			isa = XCBuildConfiguration;
			buildSettings = {
				BUNDLE_LOADER = "$(TEST_HOST)";
				INFOPLIST_FILE = Fripple_App_v1Tests/Info.plist;
				LD_RUNPATH_SEARCH_PATHS = "$(inherited) @executable_path/Frameworks @loader_path/Frameworks";
				PRODUCT_BUNDLE_IDENTIFIER = "REM-Designs.Fripple-App-v1Tests";
				PRODUCT_NAME = Fripple;
				TEST_HOST = "$(BUILT_PRODUCTS_DIR)/Fripple.app/Fripple";
			};
			name = Release;
		};
		894FF9671BE573D000B30E06 /* Debug */ = {
			isa = XCBuildConfiguration;
			buildSettings = {
				INFOPLIST_FILE = Fripple_App_v1UITests/Info.plist;
				LD_RUNPATH_SEARCH_PATHS = "$(inherited) @executable_path/Frameworks @loader_path/Frameworks";
				PRODUCT_BUNDLE_IDENTIFIER = "REM-Designs.Fripple-App-v1UITests";
				PRODUCT_NAME = Fripple;
				TEST_TARGET_NAME = Fripple_App_v1;
				USES_XCTRUNNER = YES;
			};
			name = Debug;
		};
		894FF9681BE573D000B30E06 /* Release */ = {
			isa = XCBuildConfiguration;
			buildSettings = {
				INFOPLIST_FILE = Fripple_App_v1UITests/Info.plist;
				LD_RUNPATH_SEARCH_PATHS = "$(inherited) @executable_path/Frameworks @loader_path/Frameworks";
				PRODUCT_BUNDLE_IDENTIFIER = "REM-Designs.Fripple-App-v1UITests";
				PRODUCT_NAME = Fripple;
				TEST_TARGET_NAME = Fripple_App_v1;
				USES_XCTRUNNER = YES;
			};
			name = Release;
		};
/* End XCBuildConfiguration section */

/* Begin XCConfigurationList section */
		894FF9331BE573CF00B30E06 /* Build configuration list for PBXProject "Fripple" */ = {
			isa = XCConfigurationList;
			buildConfigurations = (
				894FF95E1BE573D000B30E06 /* Debug */,
				894FF95F1BE573D000B30E06 /* Release */,
			);
			defaultConfigurationIsVisible = 0;
			defaultConfigurationName = Release;
		};
		894FF9601BE573D000B30E06 /* Build configuration list for PBXNativeTarget "Fripple" */ = {
			isa = XCConfigurationList;
			buildConfigurations = (
				894FF9611BE573D000B30E06 /* Debug */,
				894FF9621BE573D000B30E06 /* Release */,
			);
			defaultConfigurationIsVisible = 0;
			defaultConfigurationName = Release;
		};
		894FF9631BE573D000B30E06 /* Build configuration list for PBXNativeTarget "FrippleTests" */ = {
			isa = XCConfigurationList;
			buildConfigurations = (
				894FF9641BE573D000B30E06 /* Debug */,
				894FF9651BE573D000B30E06 /* Release */,
			);
			defaultConfigurationIsVisible = 0;
			defaultConfigurationName = Release;
		};
		894FF9661BE573D000B30E06 /* Build configuration list for PBXNativeTarget "FrippleUITests" */ = {
			isa = XCConfigurationList;
			buildConfigurations = (
				894FF9671BE573D000B30E06 /* Debug */,
				894FF9681BE573D000B30E06 /* Release */,
			);
			defaultConfigurationIsVisible = 0;
			defaultConfigurationName = Release;
		};
/* End XCConfigurationList section */
	};
	rootObject = 894FF9301BE573CF00B30E06 /* Project object */;
}
